
Microsoft Visual Studio Solution File, Format Version 12.00
# Visual Studio 15
VisualStudioVersion = 15.0.27428.2005
MinimumVisualStudioVersion = 10.0.40219.1
Project("{FAE04EC0-301F-11D3-BF4B-00C04F79EFBC}") = "FolderEny", "FolderEny\FolderEny.csproj", "{D42F47D4-9BB1-4C08-9714-8ED69B4B43AA}"
EndProject
Global
	GlobalSection(SolutionConfigurationPlatforms) = preSolution
		Debug|Any CPU = Debug|Any CPU
		Release|Any CPU = Release|Any CPU
	EndGlobalSection
	GlobalSection(ProjectConfigurationPlatforms) = postSolution
		{D42F47D4-9BB1-4C08-9714-8ED69B4B43AA}.Debug|Any CPU.ActiveCfg = Debug|Any CPU
		{D42F47D4-9BB1-4C08-9714-8ED69B4B43AA}.Debug|Any CPU.Build.0 = Debug|Any CPU
		{D42F47D4-9BB1-4C08-9714-8ED69B4B43AA}.Release|Any CPU.ActiveCfg = Release|Any CPU
		{D42F47D4-9BB1-4C08-9714-8ED69B4B43AA}.Release|Any CPU.Build.0 = Release|Any CPU
	EndGlobalSection
	GlobalSection(SolutionProperties) = preSolution
		HideSolutionNode = FALSE
	EndGlobalSection
	GlobalSection(ExtensibilityGlobals) = postSolution
		SolutionGuid = {262F4680-94BE-46A5-8937-BEC9E9B8AA15}
	EndGlobalSection
EndGlobal
